
Microsoft Visual Studio Solution File, Format Version 12.00
# Visual Studio 15
VisualStudioVersion = 15.0.28307.1300
MinimumVisualStudioVersion = 10.0.40219.1
Project("{FAE04EC0-301F-11D3-BF4B-00C04F79EFBC}") = "Bank.Entities", "Bank.Entities\Bank.Entities.csproj", "{0AA17D68-CF22-4DB3-9610-3126B488E263}"
EndProject
Project("{FAE04EC0-301F-11D3-BF4B-00C04F79EFBC}") = "Bank.Test", "Bank.Test\Bank.Test.csproj", "{9C4F21A5-F3A8-484D-B637-9950CBF879C0}"
EndProject
Global
	GlobalSection(SolutionConfigurationPlatforms) = preSolution
		Debug|Any CPU = Debug|Any CPU
		Release|Any CPU = Release|Any CPU
	EndGlobalSection
	GlobalSection(ProjectConfigurationPlatforms) = postSolution
		{0AA17D68-CF22-4DB3-9610-3126B488E263}.Debug|Any CPU.ActiveCfg = Debug|Any CPU
		{0AA17D68-CF22-4DB3-9610-3126B488E263}.Debug|Any CPU.Build.0 = Debug|Any CPU
		{0AA17D68-CF22-4DB3-9610-3126B488E263}.Release|Any CPU.ActiveCfg = Release|Any CPU
		{0AA17D68-CF22-4DB3-9610-3126B488E263}.Release|Any CPU.Build.0 = Release|Any CPU
		{9C4F21A5-F3A8-484D-B637-9950CBF879C0}.Debug|Any CPU.ActiveCfg = Debug|Any CPU
		{9C4F21A5-F3A8-484D-B637-9950CBF879C0}.Debug|Any CPU.Build.0 = Debug|Any CPU
		{9C4F21A5-F3A8-484D-B637-9950CBF879C0}.Release|Any CPU.ActiveCfg = Release|Any CPU
		{9C4F21A5-F3A8-484D-B637-9950CBF879C0}.Release|Any CPU.Build.0 = Release|Any CPU
	EndGlobalSection
	GlobalSection(SolutionProperties) = preSolution
		HideSolutionNode = FALSE
	EndGlobalSection
	GlobalSection(ExtensibilityGlobals) = postSolution
		SolutionGuid = {C907280D-9D54-4C3F-9AB3-A94D2D0DD6A4}
	EndGlobalSection
EndGlobal
